
Microsoft Visual Studio Solution File, Format Version 12.00
# Visual Studio 2013
VisualStudioVersion = 12.0.30723.0
MinimumVisualStudioVersion = 10.0.40219.1
Project("{FAE04EC0-301F-11D3-BF4B-00C04F79EFBC}") = "DXGI_DesktopDuplication", "DXGI_DesktopDuplication.csproj", "{ABA48CA9-4447-4D6A-9C84-486232992BC2}"
EndProject
Global
	GlobalSection(SolutionConfigurationPlatforms) = preSolution
		Debug|Any CPU = Debug|Any CPU
		Release|Any CPU = Release|Any CPU
	EndGlobalSection
	GlobalSection(ProjectConfigurationPlatforms) = postSolution
		{ABA48CA9-4447-4D6A-9C84-486232992BC2}.Debug|Any CPU.ActiveCfg = Debug|Any CPU
		{ABA48CA9-4447-4D6A-9C84-486232992BC2}.Debug|Any CPU.Build.0 = Debug|Any CPU
		{ABA48CA9-4447-4D6A-9C84-486232992BC2}.Release|Any CPU.ActiveCfg = Release|Any CPU
		{ABA48CA9-4447-4D6A-9C84-486232992BC2}.Release|Any CPU.Build.0 = Release|Any CPU
	EndGlobalSection
	GlobalSection(SolutionProperties) = preSolution
		HideSolutionNode = FALSE
	EndGlobalSection
EndGlobal
